
Microsoft Visual Studio Solution File, Format Version 12.00
# Visual Studio Version 17
VisualStudioVersion = 17.11.35327.3
MinimumVisualStudioVersion = 10.0.40219.1
Project("{FAE04EC0-301F-11D3-BF4B-00C04F79EFBC}") = "WebApp", "WebApp\WebApp.csproj", "{7A2B018E-98FE-44D4-95F8-C5699E0AE00C}"
EndProject
Global
	GlobalSection(SolutionConfigurationPlatforms) = preSolution
		Debug|Any CPU = Debug|Any CPU
		Release|Any CPU = Release|Any CPU
	EndGlobalSection
	GlobalSection(ProjectConfigurationPlatforms) = postSolution
		{7A2B018E-98FE-44D4-95F8-C5699E0AE00C}.Debug|Any CPU.ActiveCfg = Debug|Any CPU
		{7A2B018E-98FE-44D4-95F8-C5699E0AE00C}.Debug|Any CPU.Build.0 = Debug|Any CPU
		{7A2B018E-98FE-44D4-95F8-C5699E0AE00C}.Release|Any CPU.ActiveCfg = Release|Any CPU
		{7A2B018E-98FE-44D4-95F8-C5699E0AE00C}.Release|Any CPU.Build.0 = Release|Any CPU
	EndGlobalSection
	GlobalSection(SolutionProperties) = preSolution
		HideSolutionNode = FALSE
	EndGlobalSection
	GlobalSection(ExtensibilityGlobals) = postSolution
		SolutionGuid = {5897630C-7FED-479B-B934-101E089579DA}
	EndGlobalSection
EndGlobal
